// !$*UTF8*$!
{
	archiveVersion = 1;
	classes = {
	};
	objectVersion = 77;
	objects = {

/* Begin PBXBuildFile section */
		8D3C55382DBFFDE100E159A8 /* ProductListVC.xib in Resources */ = {isa = PBXBuildFile; fileRef = 8D3C55362DBFFDE100E159A8 /* ProductListVC.xib */; };
		8D3C55392DBFFDE100E159A8 /* ProductListVM.swift in Sources */ = {isa = PBXBuildFile; fileRef = 8D3C55372DBFFDE100E159A8 /* ProductListVM.swift */; };
		8D3C553A2DBFFDE100E159A8 /* ProductListVC.swift in Sources */ = {isa = PBXBuildFile; fileRef = 8D3C55352DBFFDE100E159A8 /* ProductListVC.swift */; };
		8D3C553B2DBFFDE100E159A8 /* ProductListProvider.swift in Sources */ = {isa = PBXBuildFile; fileRef = 8D3C55342DBFFDE100E159A8 /* ProductListProvider.swift */; };
		8D3C553E2DBFFE3A00E159A8 /* ProductListUseCase.swift in Sources */ = {isa = PBXBuildFile; fileRef = 8D3C553D2DBFFE3A00E159A8 /* ProductListUseCase.swift */; };
		8D3C55412DBFFE4A00E159A8 /* ProductListService.swift in Sources */ = {isa = PBXBuildFile; fileRef = 8D3C55402DBFFE4A00E159A8 /* ProductListService.swift */; };
		8D3C55442DBFFE6000E159A8 /* ProductListModel.swift in Sources */ = {isa = PBXBuildFile; fileRef = 8D3C55432DBFFE6000E159A8 /* ProductListModel.swift */; };
		8D3C55462DBFFE6E00E159A8 /* ProductListBuilder.swift in Sources */ = {isa = PBXBuildFile; fileRef = 8D3C55452DBFFE6E00E159A8 /* ProductListBuilder.swift */; };
		8D3C55482DC003AD00E159A8 /* Coordinator.swift in Sources */ = {isa = PBXBuildFile; fileRef = 8D3C55472DC003AD00E159A8 /* Coordinator.swift */; };
		8D3C554D2DC0040500E159A8 /* ProductListCoordinator.swift in Sources */ = {isa = PBXBuildFile; fileRef = 8D3C554C2DC0040500E159A8 /* ProductListCoordinator.swift */; };
		8D3C55512DC010BE00E159A8 /* ProductCell.xib in Resources */ = {isa = PBXBuildFile; fileRef = 8D3C55502DC010BE00E159A8 /* ProductCell.xib */; };
		8D3C55522DC010BE00E159A8 /* ProductCell.swift in Sources */ = {isa = PBXBuildFile; fileRef = 8D3C554F2DC010BE00E159A8 /* ProductCell.swift */; };
		8D3C55542DC0111400E159A8 /* Extension+UIView.swift in Sources */ = {isa = PBXBuildFile; fileRef = 8D3C55532DC0111400E159A8 /* Extension+UIView.swift */; };
		8D3C55562DC0158600E159A8 /* ProductNetwork.swift in Sources */ = {isa = PBXBuildFile; fileRef = 8D3C55552DC0158600E159A8 /* ProductNetwork.swift */; };
		8D3C55592DC0160A00E159A8 /* ApiConstant.swift in Sources */ = {isa = PBXBuildFile; fileRef = 8D3C55582DC0160A00E159A8 /* ApiConstant.swift */; };
		8D3C555B2DC01E6E00E159A8 /* Extension+UIImageView.swift in Sources */ = {isa = PBXBuildFile; fileRef = 8D3C555A2DC01E6E00E159A8 /* Extension+UIImageView.swift */; };
		8D3C555F2DC022D500E159A8 /* Extension+UILabel.swift in Sources */ = {isa = PBXBuildFile; fileRef = 8D3C555E2DC022D500E159A8 /* Extension+UILabel.swift */; };
		8D3C55622DC048A100E159A8 /* HeaderCell.xib in Resources */ = {isa = PBXBuildFile; fileRef = 8D3C55612DC048A000E159A8 /* HeaderCell.xib */; };
		8D3C55632DC048A100E159A8 /* HeaderCell.swift in Sources */ = {isa = PBXBuildFile; fileRef = 8D3C55602DC048A000E159A8 /* HeaderCell.swift */; };
		8D3C55692DC04AF300E159A8 /* HeaderItemCell.xib in Resources */ = {isa = PBXBuildFile; fileRef = 8D3C55682DC04AF300E159A8 /* HeaderItemCell.xib */; };
		8D3C556A2DC04AF300E159A8 /* HeaderItemCell.swift in Sources */ = {isa = PBXBuildFile; fileRef = 8D3C55672DC04AF300E159A8 /* HeaderItemCell.swift */; };
		8D3C556D2DC04D0A00E159A8 /* AdvancedPageControl in Frameworks */ = {isa = PBXBuildFile; productRef = 8D3C556C2DC04D0A00E159A8 /* AdvancedPageControl */; };
		8D3C55732DC15FE400E159A8 /* ProductDetailVC.swift in Sources */ = {isa = PBXBuildFile; fileRef = 8D3C556F2DC15FE400E159A8 /* ProductDetailVC.swift */; };
		8D3C55742DC15FE400E159A8 /* ProductDetailVM.swift in Sources */ = {isa = PBXBuildFile; fileRef = 8D3C55712DC15FE400E159A8 /* ProductDetailVM.swift */; };
		8D3C55762DC15FF300E159A8 /* ProductDetailBuilder.swift in Sources */ = {isa = PBXBuildFile; fileRef = 8D3C55752DC15FF300E159A8 /* ProductDetailBuilder.swift */; };
		8D3C55792DC1600700E159A8 /* ProductDetailService.swift in Sources */ = {isa = PBXBuildFile; fileRef = 8D3C55782DC1600700E159A8 /* ProductDetailService.swift */; };
		8D3C557C2DC1601900E159A8 /* ProductDetailUseCase.swift in Sources */ = {isa = PBXBuildFile; fileRef = 8D3C557B2DC1601900E159A8 /* ProductDetailUseCase.swift */; };
		8D9519802DC16E3F00F6F81B /* StarRatingView.swift in Sources */ = {isa = PBXBuildFile; fileRef = 8D95197F2DC16E3F00F6F81B /* StarRatingView.swift */; };
		8D9519822DC16E5300F6F81B /* StarRatingView.xib in Resources */ = {isa = PBXBuildFile; fileRef = 8D9519812DC16E5300F6F81B /* StarRatingView.xib */; };
		8D9519862DC1726600F6F81B /* ProductDetailVC.xib in Resources */ = {isa = PBXBuildFile; fileRef = 8D9519842DC1726600F6F81B /* ProductDetailVC.xib */; };
		8D9519882DC29B0D00F6F81B /* Extension+UIFont.swift in Sources */ = {isa = PBXBuildFile; fileRef = 8D9519872DC29B0D00F6F81B /* Extension+UIFont.swift */; };
		8DA7C1912DBFF4B30040E24D /* CombineMoya in Frameworks */ = {isa = PBXBuildFile; productRef = 8DA7C1902DBFF4B30040E24D /* CombineMoya */; };
		8DA7C1932DBFF4B30040E24D /* Moya in Frameworks */ = {isa = PBXBuildFile; productRef = 8DA7C1922DBFF4B30040E24D /* Moya */; };
		8DA7C1952DBFF4B30040E24D /* RxMoya in Frameworks */ = {isa = PBXBuildFile; productRef = 8DA7C1942DBFF4B30040E24D /* RxMoya */; };
		8DA7C1982DBFF4D40040E24D /* SDWebImage in Frameworks */ = {isa = PBXBuildFile; productRef = 8DA7C1972DBFF4D40040E24D /* SDWebImage */; };
		8DA7C19B2DBFF5510040E24D /* Lottie in Frameworks */ = {isa = PBXBuildFile; productRef = 8DA7C19A2DBFF5510040E24D /* Lottie */; };
		8DA7C1A62DBFF55A0040E24D /* AppDelegate.swift in Sources */ = {isa = PBXBuildFile; fileRef = 8DA7C19C2DBFF55A0040E24D /* AppDelegate.swift */; };
		8DA7C1A72DBFF55A0040E24D /* SceneDelegate.swift in Sources */ = {isa = PBXBuildFile; fileRef = 8DA7C1A32DBFF55A0040E24D /* SceneDelegate.swift */; };
		8DA7C1A92DBFF55A0040E24D /* Assets.xcassets in Resources */ = {isa = PBXBuildFile; fileRef = 8DA7C19D2DBFF55A0040E24D /* Assets.xcassets */; };
		8DA7C1AB2DBFF55A0040E24D /* LaunchScreen.storyboard in Resources */ = {isa = PBXBuildFile; fileRef = 8DA7C1A02DBFF55A0040E24D /* LaunchScreen.storyboard */; };
		8DA7C1BE2DBFF5E60040E24D /* CollectionViewProvider.swift in Sources */ = {isa = PBXBuildFile; fileRef = 8DA7C1BD2DBFF5E60040E24D /* CollectionViewProvider.swift */; };
		8DA7C1C02DBFF5FD0040E24D /* ControllerBehaviorally.swift in Sources */ = {isa = PBXBuildFile; fileRef = 8DA7C1BF2DBFF5FD0040E24D /* ControllerBehaviorally.swift */; };
		8DA7C1C22DBFF6140040E24D /* TableViewProvider.swift in Sources */ = {isa = PBXBuildFile; fileRef = 8DA7C1C12DBFF6140040E24D /* TableViewProvider.swift */; };
		8DA7C1C42DBFF62F0040E24D /* ViewModel.swift in Sources */ = {isa = PBXBuildFile; fileRef = 8DA7C1C32DBFF62F0040E24D /* ViewModel.swift */; };
		8DA7C1C72DBFF66F0040E24D /* CustomProgress.swift in Sources */ = {isa = PBXBuildFile; fileRef = 8DA7C1C62DBFF66F0040E24D /* CustomProgress.swift */; };
		8DA7C1C92DBFF6750040E24D /* CustomProgress.xib in Resources */ = {isa = PBXBuildFile; fileRef = 8DA7C1C82DBFF6750040E24D /* CustomProgress.xib */; };
		8DA7C1CB2DBFF6CE0040E24D /* ClassNameProtocol.swift in Sources */ = {isa = PBXBuildFile; fileRef = 8DA7C1CA2DBFF6CE0040E24D /* ClassNameProtocol.swift */; };
		8DA7C1CE2DBFF73A0040E24D /* progress.json in Resources */ = {isa = PBXBuildFile; fileRef = 8DA7C1CD2DBFF73A0040E24D /* progress.json */; };
		8DA7C1D02DBFF7730040E24D /* LoadingProtocol.swift in Sources */ = {isa = PBXBuildFile; fileRef = 8DA7C1CF2DBFF7730040E24D /* LoadingProtocol.swift */; };
		8DA7C1D32DBFF7B90040E24D /* BaseController.swift in Sources */ = {isa = PBXBuildFile; fileRef = 8DA7C1D22DBFF7B90040E24D /* BaseController.swift */; };
		8DA7C1D62DBFF7F40040E24D /* BaseMoyaProvider.swift in Sources */ = {isa = PBXBuildFile; fileRef = 8DA7C1D52DBFF7F40040E24D /* BaseMoyaProvider.swift */; };
		8DA7C1D92DBFF81B0040E24D /* Logger.swift in Sources */ = {isa = PBXBuildFile; fileRef = 8DA7C1D82DBFF81B0040E24D /* Logger.swift */; };
		8DA7C1DC2DBFF8510040E24D /* Extension+UIApplication.swift in Sources */ = {isa = PBXBuildFile; fileRef = 8DA7C1DB2DBFF8510040E24D /* Extension+UIApplication.swift */; };
/* End PBXBuildFile section */

/* Begin PBXFileReference section */
		8D3C55342DBFFDE100E159A8 /* ProductListProvider.swift */ = {isa = PBXFileReference; lastKnownFileType = sourcecode.swift; path = ProductListProvider.swift; sourceTree = "<group>"; };
		8D3C55352DBFFDE100E159A8 /* ProductListVC.swift */ = {isa = PBXFileReference; lastKnownFileType = sourcecode.swift; path = ProductListVC.swift; sourceTree = "<group>"; };
		8D3C55362DBFFDE100E159A8 /* ProductListVC.xib */ = {isa = PBXFileReference; lastKnownFileType = file.xib; path = ProductListVC.xib; sourceTree = "<group>"; };
		8D3C55372DBFFDE100E159A8 /* ProductListVM.swift */ = {isa = PBXFileReference; lastKnownFileType = sourcecode.swift; path = ProductListVM.swift; sourceTree = "<group>"; };
		8D3C553D2DBFFE3A00E159A8 /* ProductListUseCase.swift */ = {isa = PBXFileReference; lastKnownFileType = sourcecode.swift; path = ProductListUseCase.swift; sourceTree = "<group>"; };
		8D3C55402DBFFE4A00E159A8 /* ProductListService.swift */ = {isa = PBXFileReference; lastKnownFileType = sourcecode.swift; path = ProductListService.swift; sourceTree = "<group>"; };
		8D3C55432DBFFE6000E159A8 /* ProductListModel.swift */ = {isa = PBXFileReference; lastKnownFileType = sourcecode.swift; path = ProductListModel.swift; sourceTree = "<group>"; };
		8D3C55452DBFFE6E00E159A8 /* ProductListBuilder.swift */ = {isa = PBXFileReference; lastKnownFileType = sourcecode.swift; path = ProductListBuilder.swift; sourceTree = "<group>"; };
		8D3C55472DC003AD00E159A8 /* Coordinator.swift */ = {isa = PBXFileReference; lastKnownFileType = sourcecode.swift; path = Coordinator.swift; sourceTree = "<group>"; };
		8D3C554C2DC0040500E159A8 /* ProductListCoordinator.swift */ = {isa = PBXFileReference; lastKnownFileType = sourcecode.swift; path = ProductListCoordinator.swift; sourceTree = "<group>"; };
		8D3C554F2DC010BE00E159A8 /* ProductCell.swift */ = {isa = PBXFileReference; lastKnownFileType = sourcecode.swift; path = ProductCell.swift; sourceTree = "<group>"; };
		8D3C55502DC010BE00E159A8 /* ProductCell.xib */ = {isa = PBXFileReference; lastKnownFileType = file.xib; path = ProductCell.xib; sourceTree = "<group>"; };
		8D3C55532DC0111400E159A8 /* Extension+UIView.swift */ = {isa = PBXFileReference; lastKnownFileType = sourcecode.swift; path = "Extension+UIView.swift"; sourceTree = "<group>"; };
		8D3C55552DC0158600E159A8 /* ProductNetwork.swift */ = {isa = PBXFileReference; lastKnownFileType = sourcecode.swift; path = ProductNetwork.swift; sourceTree = "<group>"; };
		8D3C55582DC0160A00E159A8 /* ApiConstant.swift */ = {isa = PBXFileReference; lastKnownFileType = sourcecode.swift; path = ApiConstant.swift; sourceTree = "<group>"; };
		8D3C555A2DC01E6E00E159A8 /* Extension+UIImageView.swift */ = {isa = PBXFileReference; lastKnownFileType = sourcecode.swift; path = "Extension+UIImageView.swift"; sourceTree = "<group>"; };
		8D3C555E2DC022D500E159A8 /* Extension+UILabel.swift */ = {isa = PBXFileReference; lastKnownFileType = sourcecode.swift; path = "Extension+UILabel.swift"; sourceTree = "<group>"; };
		8D3C55602DC048A000E159A8 /* HeaderCell.swift */ = {isa = PBXFileReference; lastKnownFileType = sourcecode.swift; path = HeaderCell.swift; sourceTree = "<group>"; };
		8D3C55612DC048A000E159A8 /* HeaderCell.xib */ = {isa = PBXFileReference; lastKnownFileType = file.xib; path = HeaderCell.xib; sourceTree = "<group>"; };
		8D3C55672DC04AF300E159A8 /* HeaderItemCell.swift */ = {isa = PBXFileReference; lastKnownFileType = sourcecode.swift; path = HeaderItemCell.swift; sourceTree = "<group>"; };
		8D3C55682DC04AF300E159A8 /* HeaderItemCell.xib */ = {isa = PBXFileReference; lastKnownFileType = file.xib; path = HeaderItemCell.xib; sourceTree = "<group>"; };
		8D3C556F2DC15FE400E159A8 /* ProductDetailVC.swift */ = {isa = PBXFileReference; lastKnownFileType = sourcecode.swift; path = ProductDetailVC.swift; sourceTree = "<group>"; };
		8D3C55712DC15FE400E159A8 /* ProductDetailVM.swift */ = {isa = PBXFileReference; lastKnownFileType = sourcecode.swift; path = ProductDetailVM.swift; sourceTree = "<group>"; };
		8D3C55752DC15FF300E159A8 /* ProductDetailBuilder.swift */ = {isa = PBXFileReference; lastKnownFileType = sourcecode.swift; path = ProductDetailBuilder.swift; sourceTree = "<group>"; };
		8D3C55782DC1600700E159A8 /* ProductDetailService.swift */ = {isa = PBXFileReference; lastKnownFileType = sourcecode.swift; path = ProductDetailService.swift; sourceTree = "<group>"; };
		8D3C557B2DC1601900E159A8 /* ProductDetailUseCase.swift */ = {isa = PBXFileReference; lastKnownFileType = sourcecode.swift; path = ProductDetailUseCase.swift; sourceTree = "<group>"; };
		8D95197F2DC16E3F00F6F81B /* StarRatingView.swift */ = {isa = PBXFileReference; lastKnownFileType = sourcecode.swift; path = StarRatingView.swift; sourceTree = "<group>"; };
		8D9519812DC16E5300F6F81B /* StarRatingView.xib */ = {isa = PBXFileReference; lastKnownFileType = file.xib; path = StarRatingView.xib; sourceTree = "<group>"; };
		8D9519842DC1726600F6F81B /* ProductDetailVC.xib */ = {isa = PBXFileReference; lastKnownFileType = file.xib; path = ProductDetailVC.xib; sourceTree = "<group>"; };
		8D9519872DC29B0D00F6F81B /* Extension+UIFont.swift */ = {isa = PBXFileReference; lastKnownFileType = sourcecode.swift; path = "Extension+UIFont.swift"; sourceTree = "<group>"; };
		8DA7C1672DBFF42B0040E24D /* ProductList-ios.app */ = {isa = PBXFileReference; explicitFileType = wrapper.application; includeInIndex = 0; path = "ProductList-ios.app"; sourceTree = BUILT_PRODUCTS_DIR; };
		8DA7C19C2DBFF55A0040E24D /* AppDelegate.swift */ = {isa = PBXFileReference; lastKnownFileType = sourcecode.swift; path = AppDelegate.swift; sourceTree = "<group>"; };
		8DA7C19D2DBFF55A0040E24D /* Assets.xcassets */ = {isa = PBXFileReference; lastKnownFileType = folder.assetcatalog; path = Assets.xcassets; sourceTree = "<group>"; };
		8DA7C19E2DBFF55A0040E24D /* Info.plist */ = {isa = PBXFileReference; lastKnownFileType = text.plist.xml; path = Info.plist; sourceTree = "<group>"; };
		8DA7C19F2DBFF55A0040E24D /* Base */ = {isa = PBXFileReference; lastKnownFileType = file.storyboard; name = Base; path = Base.lproj/LaunchScreen.storyboard; sourceTree = "<group>"; };
		8DA7C1A32DBFF55A0040E24D /* SceneDelegate.swift */ = {isa = PBXFileReference; lastKnownFileType = sourcecode.swift; path = SceneDelegate.swift; sourceTree = "<group>"; };
		8DA7C1BD2DBFF5E60040E24D /* CollectionViewProvider.swift */ = {isa = PBXFileReference; lastKnownFileType = sourcecode.swift; path = CollectionViewProvider.swift; sourceTree = "<group>"; };
		8DA7C1BF2DBFF5FD0040E24D /* ControllerBehaviorally.swift */ = {isa = PBXFileReference; lastKnownFileType = sourcecode.swift; path = ControllerBehaviorally.swift; sourceTree = "<group>"; };
		8DA7C1C12DBFF6140040E24D /* TableViewProvider.swift */ = {isa = PBXFileReference; lastKnownFileType = sourcecode.swift; path = TableViewProvider.swift; sourceTree = "<group>"; };
		8DA7C1C32DBFF62F0040E24D /* ViewModel.swift */ = {isa = PBXFileReference; lastKnownFileType = sourcecode.swift; path = ViewModel.swift; sourceTree = "<group>"; };
		8DA7C1C62DBFF66F0040E24D /* CustomProgress.swift */ = {isa = PBXFileReference; lastKnownFileType = sourcecode.swift; path = CustomProgress.swift; sourceTree = "<group>"; };
		8DA7C1C82DBFF6750040E24D /* CustomProgress.xib */ = {isa = PBXFileReference; lastKnownFileType = file.xib; path = CustomProgress.xib; sourceTree = "<group>"; };
		8DA7C1CA2DBFF6CE0040E24D /* ClassNameProtocol.swift */ = {isa = PBXFileReference; lastKnownFileType = sourcecode.swift; path = ClassNameProtocol.swift; sourceTree = "<group>"; };
		8DA7C1CD2DBFF73A0040E24D /* progress.json */ = {isa = PBXFileReference; lastKnownFileType = text.json; path = progress.json; sourceTree = "<group>"; };
		8DA7C1CF2DBFF7730040E24D /* LoadingProtocol.swift */ = {isa = PBXFileReference; lastKnownFileType = sourcecode.swift; path = LoadingProtocol.swift; sourceTree = "<group>"; };
		8DA7C1D22DBFF7B90040E24D /* BaseController.swift */ = {isa = PBXFileReference; lastKnownFileType = sourcecode.swift; path = BaseController.swift; sourceTree = "<group>"; };
		8DA7C1D52DBFF7F40040E24D /* BaseMoyaProvider.swift */ = {isa = PBXFileReference; lastKnownFileType = sourcecode.swift; path = BaseMoyaProvider.swift; sourceTree = "<group>"; };
		8DA7C1D82DBFF81B0040E24D /* Logger.swift */ = {isa = PBXFileReference; lastKnownFileType = sourcecode.swift; path = Logger.swift; sourceTree = "<group>"; };
		8DA7C1DB2DBFF8510040E24D /* Extension+UIApplication.swift */ = {isa = PBXFileReference; lastKnownFileType = sourcecode.swift; path = "Extension+UIApplication.swift"; sourceTree = "<group>"; };
/* End PBXFileReference section */

/* Begin PBXFrameworksBuildPhase section */
		8DA7C1642DBFF42B0040E24D /* Frameworks */ = {
			isa = PBXFrameworksBuildPhase;
			buildActionMask = 2147483647;
			files = (
				8DA7C19B2DBFF5510040E24D /* Lottie in Frameworks */,
				8DA7C1952DBFF4B30040E24D /* RxMoya in Frameworks */,
				8DA7C1932DBFF4B30040E24D /* Moya in Frameworks */,
				8D3C556D2DC04D0A00E159A8 /* AdvancedPageControl in Frameworks */,
				8DA7C1982DBFF4D40040E24D /* SDWebImage in Frameworks */,
				8DA7C1912DBFF4B30040E24D /* CombineMoya in Frameworks */,
			);
			runOnlyForDeploymentPostprocessing = 0;
		};
/* End PBXFrameworksBuildPhase section */

/* Begin PBXGroup section */
		8D3C55332DBFFDCF00E159A8 /* ProductList */ = {
			isa = PBXGroup;
			children = (
				8D3C55342DBFFDE100E159A8 /* ProductListProvider.swift */,
				8D3C55352DBFFDE100E159A8 /* ProductListVC.swift */,
				8D3C55362DBFFDE100E159A8 /* ProductListVC.xib */,
				8D3C55372DBFFDE100E159A8 /* ProductListVM.swift */,
			);
			path = ProductList;
			sourceTree = "<group>";
		};
		8D3C553C2DBFFE2F00E159A8 /* ProductList */ = {
			isa = PBXGroup;
			children = (
				8D3C553D2DBFFE3A00E159A8 /* ProductListUseCase.swift */,
			);
			path = ProductList;
			sourceTree = "<group>";
		};
		8D3C553F2DBFFE3F00E159A8 /* ProductList */ = {
			isa = PBXGroup;
			children = (
				8D3C55402DBFFE4A00E159A8 /* ProductListService.swift */,
			);
			path = ProductList;
			sourceTree = "<group>";
		};
		8D3C55422DBFFE4E00E159A8 /* ProductList */ = {
			isa = PBXGroup;
			children = (
				8D3C55432DBFFE6000E159A8 /* ProductListModel.swift */,
			);
			path = ProductList;
			sourceTree = "<group>";
		};
		8D3C55492DC003EC00E159A8 /* Coordinator */ = {
			isa = PBXGroup;
			children = (
				8D3C554C2DC0040500E159A8 /* ProductListCoordinator.swift */,
			);
			path = Coordinator;
			sourceTree = "<group>";
		};
		8D3C554E2DC010A500E159A8 /* ProductList */ = {
			isa = PBXGroup;
			children = (
				8D3C554F2DC010BE00E159A8 /* ProductCell.swift */,
				8D3C55502DC010BE00E159A8 /* ProductCell.xib */,
				8D3C55602DC048A000E159A8 /* HeaderCell.swift */,
				8D3C55612DC048A000E159A8 /* HeaderCell.xib */,
				8D3C55672DC04AF300E159A8 /* HeaderItemCell.swift */,
				8D3C55682DC04AF300E159A8 /* HeaderItemCell.xib */,
			);
			path = ProductList;
			sourceTree = "<group>";
		};
		8D3C55572DC0160400E159A8 /* Constants */ = {
			isa = PBXGroup;
			children = (
				8D3C55582DC0160A00E159A8 /* ApiConstant.swift */,
			);
			path = Constants;
			sourceTree = "<group>";
		};
		8D3C556E2DC15FCE00E159A8 /* ProductDetail */ = {
			isa = PBXGroup;
			children = (
				8D3C556F2DC15FE400E159A8 /* ProductDetailVC.swift */,
				8D3C55712DC15FE400E159A8 /* ProductDetailVM.swift */,
				8D9519842DC1726600F6F81B /* ProductDetailVC.xib */,
			);
			path = ProductDetail;
			sourceTree = "<group>";
		};
		8D3C55772DC15FFC00E159A8 /* ProductDetail */ = {
			isa = PBXGroup;
			children = (
				8D3C55782DC1600700E159A8 /* ProductDetailService.swift */,
			);
			path = ProductDetail;
			sourceTree = "<group>";
		};
		8D3C557A2DC1600D00E159A8 /* ProductDetail */ = {
			isa = PBXGroup;
			children = (
				8D3C557B2DC1601900E159A8 /* ProductDetailUseCase.swift */,
			);
			path = ProductDetail;
			sourceTree = "<group>";
		};
		8D95197E2DC16E3000F6F81B /* StarRatingView */ = {
			isa = PBXGroup;
			children = (
				8D95197F2DC16E3F00F6F81B /* StarRatingView.swift */,
				8D9519812DC16E5300F6F81B /* StarRatingView.xib */,
			);
			path = StarRatingView;
			sourceTree = "<group>";
		};
		8DA7C15E2DBFF42B0040E24D = {
			isa = PBXGroup;
			children = (
				8DA7C1A52DBFF55A0040E24D /* ProductList-ios */,
				8DA7C1682DBFF42B0040E24D /* Products */,
			);
			sourceTree = "<group>";
		};
		8DA7C1682DBFF42B0040E24D /* Products */ = {
			isa = PBXGroup;
			children = (
				8DA7C1672DBFF42B0040E24D /* ProductList-ios.app */,
			);
			name = Products;
			sourceTree = "<group>";
		};
		8DA7C1A52DBFF55A0040E24D /* ProductList-ios */ = {
			isa = PBXGroup;
			children = (
				8DA7C1CC2DBFF72B0040E24D /* Lottie */,
				8D3C55492DC003EC00E159A8 /* Coordinator */,
				8DA7C1B22DBFF5930040E24D /* Layers */,
				8DA7C1B12DBFF58A0040E24D /* View */,
				8DA7C1B02DBFF5800040E24D /* Interfaces */,
				8DA7C1AF2DBFF56E0040E24D /* Utilities */,
				8DA7C1AE2DBFF5640040E24D /* Base */,
				8DA7C1AD2DBFF55D0040E24D /* App */,
				8DA7C19D2DBFF55A0040E24D /* Assets.xcassets */,
				8DA7C19E2DBFF55A0040E24D /* Info.plist */,
			);
			path = "ProductList-ios";
			sourceTree = "<group>";
		};
		8DA7C1AD2DBFF55D0040E24D /* App */ = {
			isa = PBXGroup;
			children = (
				8DA7C1A32DBFF55A0040E24D /* SceneDelegate.swift */,
				8DA7C1A02DBFF55A0040E24D /* LaunchScreen.storyboard */,
				8DA7C19C2DBFF55A0040E24D /* AppDelegate.swift */,
			);
			path = App;
			sourceTree = "<group>";
		};
		8DA7C1AE2DBFF5640040E24D /* Base */ = {
			isa = PBXGroup;
			children = (
				8DA7C1D42DBFF7E60040E24D /* Moya */,
				8DA7C1D12DBFF79E0040E24D /* BaseController */,
			);
			path = Base;
			sourceTree = "<group>";
		};
		8DA7C1AF2DBFF56E0040E24D /* Utilities */ = {
			isa = PBXGroup;
			children = (
				8D3C55572DC0160400E159A8 /* Constants */,
				8DA7C1DA2DBFF8430040E24D /* Extensions */,
				8DA7C1D72DBFF8140040E24D /* Logger */,
			);
			path = Utilities;
			sourceTree = "<group>";
		};
		8DA7C1B02DBFF5800040E24D /* Interfaces */ = {
			isa = PBXGroup;
			children = (
				8DA7C1CA2DBFF6CE0040E24D /* ClassNameProtocol.swift */,
				8DA7C1BD2DBFF5E60040E24D /* CollectionViewProvider.swift */,
				8DA7C1BF2DBFF5FD0040E24D /* ControllerBehaviorally.swift */,
				8DA7C1C12DBFF6140040E24D /* TableViewProvider.swift */,
				8DA7C1C32DBFF62F0040E24D /* ViewModel.swift */,
				8DA7C1CF2DBFF7730040E24D /* LoadingProtocol.swift */,
				8D3C55472DC003AD00E159A8 /* Coordinator.swift */,
			);
			path = Interfaces;
			sourceTree = "<group>";
		};
		8DA7C1B12DBFF58A0040E24D /* View */ = {
			isa = PBXGroup;
			children = (
				8D95197E2DC16E3000F6F81B /* StarRatingView */,
				8D3C554E2DC010A500E159A8 /* ProductList */,
				8DA7C1C52DBFF6560040E24D /* CustomProgress */,
			);
			path = View;
			sourceTree = "<group>";
		};
		8DA7C1B22DBFF5930040E24D /* Layers */ = {
			isa = PBXGroup;
			children = (
				8DA7C1BC2DBFF5C90040E24D /* UseCase */,
				8DA7C1BB2DBFF5C30040E24D /* Service */,
				8DA7C1BA2DBFF5BD0040E24D /* Remote */,
				8DA7C1B92DBFF5B40040E24D /* Presentation */,
				8DA7C1B82DBFF5B00040E24D /* Builder */,
				8DA7C1B72DBFF5AA0040E24D /* Network */,
			);
			path = Layers;
			sourceTree = "<group>";
		};
		8DA7C1B72DBFF5AA0040E24D /* Network */ = {
			isa = PBXGroup;
			children = (
				8D3C55552DC0158600E159A8 /* ProductNetwork.swift */,
			);
			path = Network;
			sourceTree = "<group>";
		};
		8DA7C1B82DBFF5B00040E24D /* Builder */ = {
			isa = PBXGroup;
			children = (
				8D3C55452DBFFE6E00E159A8 /* ProductListBuilder.swift */,
				8D3C55752DC15FF300E159A8 /* ProductDetailBuilder.swift */,
			);
			path = Builder;
			sourceTree = "<group>";
		};
		8DA7C1B92DBFF5B40040E24D /* Presentation */ = {
			isa = PBXGroup;
			children = (
				8D3C556E2DC15FCE00E159A8 /* ProductDetail */,
				8D3C55332DBFFDCF00E159A8 /* ProductList */,
			);
			path = Presentation;
			sourceTree = "<group>";
		};
		8DA7C1BA2DBFF5BD0040E24D /* Remote */ = {
			isa = PBXGroup;
			children = (
				8D3C55422DBFFE4E00E159A8 /* ProductList */,
			);
			path = Remote;
			sourceTree = "<group>";
		};
		8DA7C1BB2DBFF5C30040E24D /* Service */ = {
			isa = PBXGroup;
			children = (
				8D3C55772DC15FFC00E159A8 /* ProductDetail */,
				8D3C553F2DBFFE3F00E159A8 /* ProductList */,
			);
			path = Service;
			sourceTree = "<group>";
		};
		8DA7C1BC2DBFF5C90040E24D /* UseCase */ = {
			isa = PBXGroup;
			children = (
				8D3C557A2DC1600D00E159A8 /* ProductDetail */,
				8D3C553C2DBFFE2F00E159A8 /* ProductList */,
			);
			path = UseCase;
			sourceTree = "<group>";
		};
		8DA7C1C52DBFF6560040E24D /* CustomProgress */ = {
			isa = PBXGroup;
			children = (
				8DA7C1C62DBFF66F0040E24D /* CustomProgress.swift */,
				8DA7C1C82DBFF6750040E24D /* CustomProgress.xib */,
			);
			path = CustomProgress;
			sourceTree = "<group>";
		};
		8DA7C1CC2DBFF72B0040E24D /* Lottie */ = {
			isa = PBXGroup;
			children = (
				8DA7C1CD2DBFF73A0040E24D /* progress.json */,
			);
			path = Lottie;
			sourceTree = "<group>";
		};
		8DA7C1D12DBFF79E0040E24D /* BaseController */ = {
			isa = PBXGroup;
			children = (
				8DA7C1D22DBFF7B90040E24D /* BaseController.swift */,
			);
			path = BaseController;
			sourceTree = "<group>";
		};
		8DA7C1D42DBFF7E60040E24D /* Moya */ = {
			isa = PBXGroup;
			children = (
				8DA7C1D52DBFF7F40040E24D /* BaseMoyaProvider.swift */,
			);
			path = Moya;
			sourceTree = "<group>";
		};
		8DA7C1D72DBFF8140040E24D /* Logger */ = {
			isa = PBXGroup;
			children = (
				8DA7C1D82DBFF81B0040E24D /* Logger.swift */,
			);
			path = Logger;
			sourceTree = "<group>";
		};
		8DA7C1DA2DBFF8430040E24D /* Extensions */ = {
			isa = PBXGroup;
			children = (
				8D3C55532DC0111400E159A8 /* Extension+UIView.swift */,
				8DA7C1DB2DBFF8510040E24D /* Extension+UIApplication.swift */,
				8D3C555A2DC01E6E00E159A8 /* Extension+UIImageView.swift */,
				8D3C555E2DC022D500E159A8 /* Extension+UILabel.swift */,
				8D9519872DC29B0D00F6F81B /* Extension+UIFont.swift */,
			);
			path = Extensions;
			sourceTree = "<group>";
		};
/* End PBXGroup section */

/* Begin PBXNativeTarget section */
		8DA7C1662DBFF42B0040E24D /* ProductList-ios */ = {
			isa = PBXNativeTarget;
			buildConfigurationList = 8DA7C17A2DBFF42D0040E24D /* Build configuration list for PBXNativeTarget "ProductList-ios" */;
			buildPhases = (
				8DA7C1632DBFF42B0040E24D /* Sources */,
				8DA7C1642DBFF42B0040E24D /* Frameworks */,
				8DA7C1652DBFF42B0040E24D /* Resources */,
			);
			buildRules = (
			);
			dependencies = (
			);
			name = "ProductList-ios";
			packageProductDependencies = (
				8DA7C1902DBFF4B30040E24D /* CombineMoya */,
				8DA7C1922DBFF4B30040E24D /* Moya */,
				8DA7C1942DBFF4B30040E24D /* RxMoya */,
				8DA7C1972DBFF4D40040E24D /* SDWebImage */,
				8DA7C19A2DBFF5510040E24D /* Lottie */,
				8D3C556C2DC04D0A00E159A8 /* AdvancedPageControl */,
			);
			productName = "ProductList-ios";
			productReference = 8DA7C1672DBFF42B0040E24D /* ProductList-ios.app */;
			productType = "com.apple.product-type.application";
		};
/* End PBXNativeTarget section */

/* Begin PBXProject section */
		8DA7C15F2DBFF42B0040E24D /* Project object */ = {
			isa = PBXProject;
			attributes = {
				BuildIndependentTargetsInParallel = 1;
				LastSwiftUpdateCheck = 1620;
				LastUpgradeCheck = 1620;
				TargetAttributes = {
					8DA7C1662DBFF42B0040E24D = {
						CreatedOnToolsVersion = 16.2;
					};
				};
			};
			buildConfigurationList = 8DA7C1622DBFF42B0040E24D /* Build configuration list for PBXProject "ProductList-ios" */;
			developmentRegion = en;
			hasScannedForEncodings = 0;
			knownRegions = (
				en,
				Base,
			);
			mainGroup = 8DA7C15E2DBFF42B0040E24D;
			minimizedProjectReferenceProxies = 1;
			packageReferences = (
				8DA7C18F2DBFF4B30040E24D /* XCRemoteSwiftPackageReference "Moya" */,
				8DA7C1962DBFF4D40040E24D /* XCRemoteSwiftPackageReference "SDWebImage" */,
				8DA7C1992DBFF5510040E24D /* XCRemoteSwiftPackageReference "lottie-ios" */,
				8D3C556B2DC04D0A00E159A8 /* XCRemoteSwiftPackageReference "AdvancedPageControl" */,
			);
			preferredProjectObjectVersion = 77;
			productRefGroup = 8DA7C1682DBFF42B0040E24D /* Products */;
			projectDirPath = "";
			projectRoot = "";
			targets = (
				8DA7C1662DBFF42B0040E24D /* ProductList-ios */,
			);
		};
/* End PBXProject section */

/* Begin PBXResourcesBuildPhase section */
		8DA7C1652DBFF42B0040E24D /* Resources */ = {
			isa = PBXResourcesBuildPhase;
			buildActionMask = 2147483647;
			files = (
				8DA7C1A92DBFF55A0040E24D /* Assets.xcassets in Resources */,
				8DA7C1C92DBFF6750040E24D /* CustomProgress.xib in Resources */,
				8D9519822DC16E5300F6F81B /* StarRatingView.xib in Resources */,
				8D3C55622DC048A100E159A8 /* HeaderCell.xib in Resources */,
				8D3C55692DC04AF300E159A8 /* HeaderItemCell.xib in Resources */,
				8D9519862DC1726600F6F81B /* ProductDetailVC.xib in Resources */,
				8DA7C1AB2DBFF55A0040E24D /* LaunchScreen.storyboard in Resources */,
				8D3C55512DC010BE00E159A8 /* ProductCell.xib in Resources */,
				8DA7C1CE2DBFF73A0040E24D /* progress.json in Resources */,
				8D3C55382DBFFDE100E159A8 /* ProductListVC.xib in Resources */,
			);
			runOnlyForDeploymentPostprocessing = 0;
		};
/* End PBXResourcesBuildPhase section */

/* Begin PBXSourcesBuildPhase section */
		8DA7C1632DBFF42B0040E24D /* Sources */ = {
			isa = PBXSourcesBuildPhase;
			buildActionMask = 2147483647;
			files = (
				8DA7C1A62DBFF55A0040E24D /* AppDelegate.swift in Sources */,
				8D9519882DC29B0D00F6F81B /* Extension+UIFont.swift in Sources */,
				8DA7C1BE2DBFF5E60040E24D /* CollectionViewProvider.swift in Sources */,
				8D3C55542DC0111400E159A8 /* Extension+UIView.swift in Sources */,
				8D3C556A2DC04AF300E159A8 /* HeaderItemCell.swift in Sources */,
				8DA7C1D02DBFF7730040E24D /* LoadingProtocol.swift in Sources */,
				8DA7C1C02DBFF5FD0040E24D /* ControllerBehaviorally.swift in Sources */,
				8D3C55792DC1600700E159A8 /* ProductDetailService.swift in Sources */,
				8DA7C1A72DBFF55A0040E24D /* SceneDelegate.swift in Sources */,
				8DA7C1C22DBFF6140040E24D /* TableViewProvider.swift in Sources */,
				8DA7C1C42DBFF62F0040E24D /* ViewModel.swift in Sources */,
				8DA7C1C72DBFF66F0040E24D /* CustomProgress.swift in Sources */,
				8DA7C1D92DBFF81B0040E24D /* Logger.swift in Sources */,
				8D3C55412DBFFE4A00E159A8 /* ProductListService.swift in Sources */,
				8D3C55762DC15FF300E159A8 /* ProductDetailBuilder.swift in Sources */,
				8DA7C1D62DBFF7F40040E24D /* BaseMoyaProvider.swift in Sources */,
				8D3C55442DBFFE6000E159A8 /* ProductListModel.swift in Sources */,
				8D3C55392DBFFDE100E159A8 /* ProductListVM.swift in Sources */,
				8D9519802DC16E3F00F6F81B /* StarRatingView.swift in Sources */,
				8D3C553A2DBFFDE100E159A8 /* ProductListVC.swift in Sources */,
				8D3C553B2DBFFDE100E159A8 /* ProductListProvider.swift in Sources */,
				8D3C555F2DC022D500E159A8 /* Extension+UILabel.swift in Sources */,
				8D3C55592DC0160A00E159A8 /* ApiConstant.swift in Sources */,
				8D3C55732DC15FE400E159A8 /* ProductDetailVC.swift in Sources */,
				8D3C557C2DC1601900E159A8 /* ProductDetailUseCase.swift in Sources */,
				8D3C55742DC15FE400E159A8 /* ProductDetailVM.swift in Sources */,
				8DA7C1D32DBFF7B90040E24D /* BaseController.swift in Sources */,
				8DA7C1DC2DBFF8510040E24D /* Extension+UIApplication.swift in Sources */,
				8D3C553E2DBFFE3A00E159A8 /* ProductListUseCase.swift in Sources */,
				8D3C554D2DC0040500E159A8 /* ProductListCoordinator.swift in Sources */,
				8DA7C1CB2DBFF6CE0040E24D /* ClassNameProtocol.swift in Sources */,
				8D3C555B2DC01E6E00E159A8 /* Extension+UIImageView.swift in Sources */,
				8D3C55522DC010BE00E159A8 /* ProductCell.swift in Sources */,
				8D3C55562DC0158600E159A8 /* ProductNetwork.swift in Sources */,
				8D3C55632DC048A100E159A8 /* HeaderCell.swift in Sources */,
				8D3C55462DBFFE6E00E159A8 /* ProductListBuilder.swift in Sources */,
				8D3C55482DC003AD00E159A8 /* Coordinator.swift in Sources */,
			);
			runOnlyForDeploymentPostprocessing = 0;
		};
/* End PBXSourcesBuildPhase section */

/* Begin PBXVariantGroup section */
		8DA7C1A02DBFF55A0040E24D /* LaunchScreen.storyboard */ = {
			isa = PBXVariantGroup;
			children = (
				8DA7C19F2DBFF55A0040E24D /* Base */,
			);
			name = LaunchScreen.storyboard;
			sourceTree = "<group>";
		};
/* End PBXVariantGroup section */

/* Begin XCBuildConfiguration section */
		8DA7C17B2DBFF42D0040E24D /* Debug */ = {
			isa = XCBuildConfiguration;
			buildSettings = {
				ASSETCATALOG_COMPILER_APPICON_NAME = AppIcon;
				ASSETCATALOG_COMPILER_GLOBAL_ACCENT_COLOR_NAME = AccentColor;
				CODE_SIGN_STYLE = Automatic;
				CURRENT_PROJECT_VERSION = 1;
				DEVELOPMENT_TEAM = F68Q68LA39;
				GENERATE_INFOPLIST_FILE = YES;
				INFOPLIST_FILE = "ProductList-ios/Info.plist";
				INFOPLIST_KEY_UIApplicationSupportsIndirectInputEvents = YES;
				INFOPLIST_KEY_UILaunchStoryboardName = LaunchScreen;
				INFOPLIST_KEY_UISupportedInterfaceOrientations_iPad = "UIInterfaceOrientationPortrait UIInterfaceOrientationPortraitUpsideDown UIInterfaceOrientationLandscapeLeft UIInterfaceOrientationLandscapeRight";
				INFOPLIST_KEY_UISupportedInterfaceOrientations_iPhone = "UIInterfaceOrientationPortrait UIInterfaceOrientationLandscapeLeft UIInterfaceOrientationLandscapeRight";
				LD_RUNPATH_SEARCH_PATHS = (
					"$(inherited)",
					"@executable_path/Frameworks",
				);
				MARKETING_VERSION = 1.0;
				PRODUCT_BUNDLE_IDENTIFIER = "com.product.list.ProductList-ios";
				PRODUCT_NAME = "$(TARGET_NAME)";
				SWIFT_EMIT_LOC_STRINGS = YES;
				SWIFT_VERSION = 5.0;
				TARGETED_DEVICE_FAMILY = "1,2";
			};
			name = Debug;
		};
		8DA7C17C2DBFF42D0040E24D /* Release */ = {
			isa = XCBuildConfiguration;
			buildSettings = {
				ASSETCATALOG_COMPILER_APPICON_NAME = AppIcon;
				ASSETCATALOG_COMPILER_GLOBAL_ACCENT_COLOR_NAME = AccentColor;
				CODE_SIGN_STYLE = Automatic;
				CURRENT_PROJECT_VERSION = 1;
				DEVELOPMENT_TEAM = F68Q68LA39;
				GENERATE_INFOPLIST_FILE = YES;
				INFOPLIST_FILE = "ProductList-ios/Info.plist";
				INFOPLIST_KEY_UIApplicationSupportsIndirectInputEvents = YES;
				INFOPLIST_KEY_UILaunchStoryboardName = LaunchScreen;
				INFOPLIST_KEY_UISupportedInterfaceOrientations_iPad = "UIInterfaceOrientationPortrait UIInterfaceOrientationPortraitUpsideDown UIInterfaceOrientationLandscapeLeft UIInterfaceOrientationLandscapeRight";
				INFOPLIST_KEY_UISupportedInterfaceOrientations_iPhone = "UIInterfaceOrientationPortrait UIInterfaceOrientationLandscapeLeft UIInterfaceOrientationLandscapeRight";
				LD_RUNPATH_SEARCH_PATHS = (
					"$(inherited)",
					"@executable_path/Frameworks",
				);
				MARKETING_VERSION = 1.0;
				PRODUCT_BUNDLE_IDENTIFIER = "com.product.list.ProductList-ios";
				PRODUCT_NAME = "$(TARGET_NAME)";
				SWIFT_EMIT_LOC_STRINGS = YES;
				SWIFT_VERSION = 5.0;
				TARGETED_DEVICE_FAMILY = "1,2";
			};
			name = Release;
		};
		8DA7C17D2DBFF42D0040E24D /* Debug */ = {
			isa = XCBuildConfiguration;
			buildSettings = {
				ALWAYS_SEARCH_USER_PATHS = NO;
				ASSETCATALOG_COMPILER_GENERATE_SWIFT_ASSET_SYMBOL_EXTENSIONS = YES;
				CLANG_ANALYZER_NONNULL = YES;
				CLANG_ANALYZER_NUMBER_OBJECT_CONVERSION = YES_AGGRESSIVE;
				CLANG_CXX_LANGUAGE_STANDARD = "gnu++20";
				CLANG_ENABLE_MODULES = YES;
				CLANG_ENABLE_OBJC_ARC = YES;
				CLANG_ENABLE_OBJC_WEAK = YES;
				CLANG_WARN_BLOCK_CAPTURE_AUTORELEASING = YES;
				CLANG_WARN_BOOL_CONVERSION = YES;
				CLANG_WARN_COMMA = YES;
				CLANG_WARN_CONSTANT_CONVERSION = YES;
				CLANG_WARN_DEPRECATED_OBJC_IMPLEMENTATIONS = YES;
				CLANG_WARN_DIRECT_OBJC_ISA_USAGE = YES_ERROR;
				CLANG_WARN_DOCUMENTATION_COMMENTS = YES;
				CLANG_WARN_EMPTY_BODY = YES;
				CLANG_WARN_ENUM_CONVERSION = YES;
				CLANG_WARN_INFINITE_RECURSION = YES;
				CLANG_WARN_INT_CONVERSION = YES;
				CLANG_WARN_NON_LITERAL_NULL_CONVERSION = YES;
				CLANG_WARN_OBJC_IMPLICIT_RETAIN_SELF = YES;
				CLANG_WARN_OBJC_LITERAL_CONVERSION = YES;
				CLANG_WARN_OBJC_ROOT_CLASS = YES_ERROR;
				CLANG_WARN_QUOTED_INCLUDE_IN_FRAMEWORK_HEADER = YES;
				CLANG_WARN_RANGE_LOOP_ANALYSIS = YES;
				CLANG_WARN_STRICT_PROTOTYPES = YES;
				CLANG_WARN_SUSPICIOUS_MOVE = YES;
				CLANG_WARN_UNGUARDED_AVAILABILITY = YES_AGGRESSIVE;
				CLANG_WARN_UNREACHABLE_CODE = YES;
				CLANG_WARN__DUPLICATE_METHOD_MATCH = YES;
				COPY_PHASE_STRIP = NO;
				DEBUG_INFORMATION_FORMAT = dwarf;
				ENABLE_STRICT_OBJC_MSGSEND = YES;
				ENABLE_TESTABILITY = YES;
				ENABLE_USER_SCRIPT_SANDBOXING = YES;
				GCC_C_LANGUAGE_STANDARD = gnu17;
				GCC_DYNAMIC_NO_PIC = NO;
				GCC_NO_COMMON_BLOCKS = YES;
				GCC_OPTIMIZATION_LEVEL = 0;
				GCC_PREPROCESSOR_DEFINITIONS = (
					"DEBUG=1",
					"$(inherited)",
				);
				GCC_WARN_64_TO_32_BIT_CONVERSION = YES;
				GCC_WARN_ABOUT_RETURN_TYPE = YES_ERROR;
				GCC_WARN_UNDECLARED_SELECTOR = YES;
				GCC_WARN_UNINITIALIZED_AUTOS = YES_AGGRESSIVE;
				GCC_WARN_UNUSED_FUNCTION = YES;
				GCC_WARN_UNUSED_VARIABLE = YES;
				IPHONEOS_DEPLOYMENT_TARGET = 18.2;
				LOCALIZATION_PREFERS_STRING_CATALOGS = YES;
				MTL_ENABLE_DEBUG_INFO = INCLUDE_SOURCE;
				MTL_FAST_MATH = YES;
				ONLY_ACTIVE_ARCH = YES;
				SDKROOT = iphoneos;
				SWIFT_ACTIVE_COMPILATION_CONDITIONS = "DEBUG $(inherited)";
				SWIFT_OPTIMIZATION_LEVEL = "-Onone";
			};
			name = Debug;
		};
		8DA7C17E2DBFF42D0040E24D /* Release */ = {
			isa = XCBuildConfiguration;
			buildSettings = {
				ALWAYS_SEARCH_USER_PATHS = NO;
				ASSETCATALOG_COMPILER_GENERATE_SWIFT_ASSET_SYMBOL_EXTENSIONS = YES;
				CLANG_ANALYZER_NONNULL = YES;
				CLANG_ANALYZER_NUMBER_OBJECT_CONVERSION = YES_AGGRESSIVE;
				CLANG_CXX_LANGUAGE_STANDARD = "gnu++20";
				CLANG_ENABLE_MODULES = YES;
				CLANG_ENABLE_OBJC_ARC = YES;
				CLANG_ENABLE_OBJC_WEAK = YES;
				CLANG_WARN_BLOCK_CAPTURE_AUTORELEASING = YES;
				CLANG_WARN_BOOL_CONVERSION = YES;
				CLANG_WARN_COMMA = YES;
				CLANG_WARN_CONSTANT_CONVERSION = YES;
				CLANG_WARN_DEPRECATED_OBJC_IMPLEMENTATIONS = YES;
				CLANG_WARN_DIRECT_OBJC_ISA_USAGE = YES_ERROR;
				CLANG_WARN_DOCUMENTATION_COMMENTS = YES;
				CLANG_WARN_EMPTY_BODY = YES;
				CLANG_WARN_ENUM_CONVERSION = YES;
				CLANG_WARN_INFINITE_RECURSION = YES;
				CLANG_WARN_INT_CONVERSION = YES;
				CLANG_WARN_NON_LITERAL_NULL_CONVERSION = YES;
				CLANG_WARN_OBJC_IMPLICIT_RETAIN_SELF = YES;
				CLANG_WARN_OBJC_LITERAL_CONVERSION = YES;
				CLANG_WARN_OBJC_ROOT_CLASS = YES_ERROR;
				CLANG_WARN_QUOTED_INCLUDE_IN_FRAMEWORK_HEADER = YES;
				CLANG_WARN_RANGE_LOOP_ANALYSIS = YES;
				CLANG_WARN_STRICT_PROTOTYPES = YES;
				CLANG_WARN_SUSPICIOUS_MOVE = YES;
				CLANG_WARN_UNGUARDED_AVAILABILITY = YES_AGGRESSIVE;
				CLANG_WARN_UNREACHABLE_CODE = YES;
				CLANG_WARN__DUPLICATE_METHOD_MATCH = YES;
				COPY_PHASE_STRIP = NO;
				DEBUG_INFORMATION_FORMAT = "dwarf-with-dsym";
				ENABLE_NS_ASSERTIONS = NO;
				ENABLE_STRICT_OBJC_MSGSEND = YES;
				ENABLE_USER_SCRIPT_SANDBOXING = YES;
				GCC_C_LANGUAGE_STANDARD = gnu17;
				GCC_NO_COMMON_BLOCKS = YES;
				GCC_WARN_64_TO_32_BIT_CONVERSION = YES;
				GCC_WARN_ABOUT_RETURN_TYPE = YES_ERROR;
				GCC_WARN_UNDECLARED_SELECTOR = YES;
				GCC_WARN_UNINITIALIZED_AUTOS = YES_AGGRESSIVE;
				GCC_WARN_UNUSED_FUNCTION = YES;
				GCC_WARN_UNUSED_VARIABLE = YES;
				IPHONEOS_DEPLOYMENT_TARGET = 18.2;
				LOCALIZATION_PREFERS_STRING_CATALOGS = YES;
				MTL_ENABLE_DEBUG_INFO = NO;
				MTL_FAST_MATH = YES;
				SDKROOT = iphoneos;
				SWIFT_COMPILATION_MODE = wholemodule;
				VALIDATE_PRODUCT = YES;
			};
			name = Release;
		};
/* End XCBuildConfiguration section */

/* Begin XCConfigurationList section */
		8DA7C1622DBFF42B0040E24D /* Build configuration list for PBXProject "ProductList-ios" */ = {
			isa = XCConfigurationList;
			buildConfigurations = (
				8DA7C17D2DBFF42D0040E24D /* Debug */,
				8DA7C17E2DBFF42D0040E24D /* Release */,
			);
			defaultConfigurationIsVisible = 0;
			defaultConfigurationName = Release;
		};
		8DA7C17A2DBFF42D0040E24D /* Build configuration list for PBXNativeTarget "ProductList-ios" */ = {
			isa = XCConfigurationList;
			buildConfigurations = (
				8DA7C17B2DBFF42D0040E24D /* Debug */,
				8DA7C17C2DBFF42D0040E24D /* Release */,
			);
			defaultConfigurationIsVisible = 0;
			defaultConfigurationName = Release;
		};
/* End XCConfigurationList section */

/* Begin XCRemoteSwiftPackageReference section */
		8D3C556B2DC04D0A00E159A8 /* XCRemoteSwiftPackageReference "AdvancedPageControl" */ = {
			isa = XCRemoteSwiftPackageReference;
			repositoryURL = "https://github.com/mohn93/AdvancedPageControl";
			requirement = {
				kind = upToNextMajorVersion;
				minimumVersion = 0.9.0;
			};
		};
		8DA7C18F2DBFF4B30040E24D /* XCRemoteSwiftPackageReference "Moya" */ = {
			isa = XCRemoteSwiftPackageReference;
			repositoryURL = "https://github.com/Moya/Moya.git";
			requirement = {
				kind = upToNextMajorVersion;
				minimumVersion = 15.0.3;
			};
		};
		8DA7C1962DBFF4D40040E24D /* XCRemoteSwiftPackageReference "SDWebImage" */ = {
			isa = XCRemoteSwiftPackageReference;
			repositoryURL = "https://github.com/SDWebImage/SDWebImage.git";
			requirement = {
				kind = upToNextMajorVersion;
				minimumVersion = 5.21.0;
			};
		};
		8DA7C1992DBFF5510040E24D /* XCRemoteSwiftPackageReference "lottie-ios" */ = {
			isa = XCRemoteSwiftPackageReference;
			repositoryURL = "https://github.com/airbnb/lottie-ios";
			requirement = {
				kind = upToNextMajorVersion;
				minimumVersion = 4.5.1;
			};
		};
/* End XCRemoteSwiftPackageReference section */

/* Begin XCSwiftPackageProductDependency section */
		8D3C556C2DC04D0A00E159A8 /* AdvancedPageControl */ = {
			isa = XCSwiftPackageProductDependency;
			package = 8D3C556B2DC04D0A00E159A8 /* XCRemoteSwiftPackageReference "AdvancedPageControl" */;
			productName = AdvancedPageControl;
		};
		8DA7C1902DBFF4B30040E24D /* CombineMoya */ = {
			isa = XCSwiftPackageProductDependency;
			package = 8DA7C18F2DBFF4B30040E24D /* XCRemoteSwiftPackageReference "Moya" */;
			productName = CombineMoya;
		};
		8DA7C1922DBFF4B30040E24D /* Moya */ = {
			isa = XCSwiftPackageProductDependency;
			package = 8DA7C18F2DBFF4B30040E24D /* XCRemoteSwiftPackageReference "Moya" */;
			productName = Moya;
		};
		8DA7C1942DBFF4B30040E24D /* RxMoya */ = {
			isa = XCSwiftPackageProductDependency;
			package = 8DA7C18F2DBFF4B30040E24D /* XCRemoteSwiftPackageReference "Moya" */;
			productName = RxMoya;
		};
		8DA7C1972DBFF4D40040E24D /* SDWebImage */ = {
			isa = XCSwiftPackageProductDependency;
			package = 8DA7C1962DBFF4D40040E24D /* XCRemoteSwiftPackageReference "SDWebImage" */;
			productName = SDWebImage;
		};
		8DA7C19A2DBFF5510040E24D /* Lottie */ = {
			isa = XCSwiftPackageProductDependency;
			package = 8DA7C1992DBFF5510040E24D /* XCRemoteSwiftPackageReference "lottie-ios" */;
			productName = Lottie;
		};
/* End XCSwiftPackageProductDependency section */
	};
	rootObject = 8DA7C15F2DBFF42B0040E24D /* Project object */;
}
